schema: '2.0'
stages:
  prepare:
    cmd: python src/prepare_data.py
    deps:
    - path: src/prepare_data.py
      hash: md5
      md5: 95f684009951528b89855831a87736e5
      size: 1390
    params:
      params.yaml:
        data.data_dir: ./data
    outs:
    - path: data/
      hash: md5
      md5: 4668f4ba2bfc2c5df9c5c65c1f647aca.dir
      size: 3690701
      nfiles: 1
  train:
    cmd: python src/train.py
    deps:
    - path: data/
      hash: md5
      md5: 4668f4ba2bfc2c5df9c5c65c1f647aca.dir
      size: 3690701
      nfiles: 1
    - path: src/train.py
      hash: md5
      md5: 0e0d68936ff1cdb1576c8f356651cbb5
      size: 3291
    params:
      params.yaml:
        train.batch_size: 32
        train.epochs: 5
        train.learning_rate: 0.001
